// !$*UTF8*$!
{
	archiveVersion = 1;
	classes = {
	};
	objectVersion = 46;
	objects = {

/* Begin PBXBuildFile section */
		B6367193167AC5CE00AD3CE9 /* UIKit.framework in Frameworks */ = {isa = PBXBuildFile; fileRef = B6367192167AC5CE00AD3CE9 /* UIKit.framework */; };
		B6367195167AC5CE00AD3CE9 /* Foundation.framework in Frameworks */ = {isa = PBXBuildFile; fileRef = B6367194167AC5CE00AD3CE9 /* Foundation.framework */; };
		B6367197167AC5CE00AD3CE9 /* CoreGraphics.framework in Frameworks */ = {isa = PBXBuildFile; fileRef = B6367196167AC5CE00AD3CE9 /* CoreGraphics.framework */; };
		B636719D167AC5CE00AD3CE9 /* InfoPlist.strings in Resources */ = {isa = PBXBuildFile; fileRef = B636719B167AC5CE00AD3CE9 /* InfoPlist.strings */; };
		B636719F167AC5CE00AD3CE9 /* main.m in Sources */ = {isa = PBXBuildFile; fileRef = B636719E167AC5CE00AD3CE9 /* main.m */; };
		B63671A3167AC5CE00AD3CE9 /* AppDelegate.m in Sources */ = {isa = PBXBuildFile; fileRef = B63671A2167AC5CE00AD3CE9 /* AppDelegate.m */; };
		B63671A5167AC5CE00AD3CE9 /* Default.png in Resources */ = {isa = PBXBuildFile; fileRef = B63671A4167AC5CE00AD3CE9 /* Default.png */; };
		B63671A7167AC5CE00AD3CE9 /* Default@2x.png in Resources */ = {isa = PBXBuildFile; fileRef = B63671A6167AC5CE00AD3CE9 /* Default@2x.png */; };
		B63671A9167AC5CE00AD3CE9 /* Default-568h@2x.png in Resources */ = {isa = PBXBuildFile; fileRef = B63671A8167AC5CE00AD3CE9 /* Default-568h@2x.png */; };
		B63671AC167AC5CE00AD3CE9 /* ViewController.m in Sources */ = {isa = PBXBuildFile; fileRef = B63671AB167AC5CE00AD3CE9 /* ViewController.m */; };
		B63671AF167AC5CE00AD3CE9 /* ViewController.xib in Resources */ = {isa = PBXBuildFile; fileRef = B63671AD167AC5CE00AD3CE9 /* ViewController.xib */; };
/* End PBXBuildFile section */

/* Begin PBXFileReference section */
		B636718E167AC5CE00AD3CE9 /* MultipleSelectionTableViewDemo.app */ = {isa = PBXFileReference; explicitFileType = wrapper.application; includeInIndex = 0; path = MultipleSelectionTableViewDemo.app; sourceTree = BUILT_PRODUCTS_DIR; };
		B6367192167AC5CE00AD3CE9 /* UIKit.framework */ = {isa = PBXFileReference; lastKnownFileType = wrapper.framework; name = UIKit.framework; path = System/Library/Frameworks/UIKit.framework; sourceTree = SDKROOT; };
		B6367194167AC5CE00AD3CE9 /* Foundation.framework */ = {isa = PBXFileReference; lastKnownFileType = wrapper.framework; name = Foundation.framework; path = System/Library/Frameworks/Foundation.framework; sourceTree = SDKROOT; };
		B6367196167AC5CE00AD3CE9 /* CoreGraphics.framework */ = {isa = PBXFileReference; lastKnownFileType = wrapper.framework; name = CoreGraphics.framework; path = System/Library/Frameworks/CoreGraphics.framework; sourceTree = SDKROOT; };
		B636719A167AC5CE00AD3CE9 /* MultipleSelectionTableViewDemo-Info.plist */ = {isa = PBXFileReference; lastKnownFileType = text.plist.xml; path = "MultipleSelectionTableViewDemo-Info.plist"; sourceTree = "<group>"; };
		B636719C167AC5CE00AD3CE9 /* en */ = {isa = PBXFileReference; lastKnownFileType = text.plist.strings; name = en; path = en.lproj/InfoPlist.strings; sourceTree = "<group>"; };
		B636719E167AC5CE00AD3CE9 /* main.m */ = {isa = PBXFileReference; lastKnownFileType = sourcecode.c.objc; path = main.m; sourceTree = "<group>"; };
		B63671A0167AC5CE00AD3CE9 /* MultipleSelectionTableViewDemo-Prefix.pch */ = {isa = PBXFileReference; lastKnownFileType = sourcecode.c.h; path = "MultipleSelectionTableViewDemo-Prefix.pch"; sourceTree = "<group>"; };
		B63671A1167AC5CE00AD3CE9 /* AppDelegate.h */ = {isa = PBXFileReference; lastKnownFileType = sourcecode.c.h; path = AppDelegate.h; sourceTree = "<group>"; };
		B63671A2167AC5CE00AD3CE9 /* AppDelegate.m */ = {isa = PBXFileReference; lastKnownFileType = sourcecode.c.objc; path = AppDelegate.m; sourceTree = "<group>"; };
		B63671A4167AC5CE00AD3CE9 /* Default.png */ = {isa = PBXFileReference; lastKnownFileType = image.png; path = Default.png; sourceTree = "<group>"; };
		B63671A6167AC5CE00AD3CE9 /* Default@2x.png */ = {isa = PBXFileReference; lastKnownFileType = image.png; path = "Default@2x.png"; sourceTree = "<group>"; };
		B63671A8167AC5CE00AD3CE9 /* Default-568h@2x.png */ = {isa = PBXFileReference; lastKnownFileType = image.png; path = "Default-568h@2x.png"; sourceTree = "<group>"; };
		B63671AA167AC5CE00AD3CE9 /* ViewController.h */ = {isa = PBXFileReference; lastKnownFileType = sourcecode.c.h; path = ViewController.h; sourceTree = "<group>"; };
		B63671AB167AC5CE00AD3CE9 /* ViewController.m */ = {isa = PBXFileReference; lastKnownFileType = sourcecode.c.objc; path = ViewController.m; sourceTree = "<group>"; };
		B63671AE167AC5CE00AD3CE9 /* en */ = {isa = PBXFileReference; lastKnownFileType = file.xib; name = en; path = en.lproj/ViewController.xib; sourceTree = "<group>"; };
/* End PBXFileReference section */

/* Begin PBXFrameworksBuildPhase section */
		B636718B167AC5CE00AD3CE9 /* Frameworks */ = {
			isa = PBXFrameworksBuildPhase;
			buildActionMask = 2147483647;
			files = (
				B6367193167AC5CE00AD3CE9 /* UIKit.framework in Frameworks */,
				B6367195167AC5CE00AD3CE9 /* Foundation.framework in Frameworks */,
				B6367197167AC5CE00AD3CE9 /* CoreGraphics.framework in Frameworks */,
			);
			runOnlyForDeploymentPostprocessing = 0;
		};
/* End PBXFrameworksBuildPhase section */

/* Begin PBXGroup section */
		B6367183167AC5CE00AD3CE9 = {
			isa = PBXGroup;
			children = (
				B6367198167AC5CE00AD3CE9 /* MultipleSelectionTableViewDemo */,
				B6367191167AC5CE00AD3CE9 /* Frameworks */,
				B636718F167AC5CE00AD3CE9 /* Products */,
			);
			sourceTree = "<group>";
		};
		B636718F167AC5CE00AD3CE9 /* Products */ = {
			isa = PBXGroup;
			children = (
				B636718E167AC5CE00AD3CE9 /* MultipleSelectionTableViewDemo.app */,
			);
			name = Products;
			sourceTree = "<group>";
		};
		B6367191167AC5CE00AD3CE9 /* Frameworks */ = {
			isa = PBXGroup;
			children = (
				B6367192167AC5CE00AD3CE9 /* UIKit.framework */,
				B6367194167AC5CE00AD3CE9 /* Foundation.framework */,
				B6367196167AC5CE00AD3CE9 /* CoreGraphics.framework */,
			);
			name = Frameworks;
			sourceTree = "<group>";
		};
		B6367198167AC5CE00AD3CE9 /* MultipleSelectionTableViewDemo */ = {
			isa = PBXGroup;
			children = (
				B63671A1167AC5CE00AD3CE9 /* AppDelegate.h */,
				B63671A2167AC5CE00AD3CE9 /* AppDelegate.m */,
				B63671AA167AC5CE00AD3CE9 /* ViewController.h */,
				B63671AB167AC5CE00AD3CE9 /* ViewController.m */,
				B63671AD167AC5CE00AD3CE9 /* ViewController.xib */,
				B6367199167AC5CE00AD3CE9 /* Supporting Files */,
			);
			path = MultipleSelectionTableViewDemo;
			sourceTree = "<group>";
		};
		B6367199167AC5CE00AD3CE9 /* Supporting Files */ = {
			isa = PBXGroup;
			children = (
				B636719A167AC5CE00AD3CE9 /* MultipleSelectionTableViewDemo-Info.plist */,
				B636719B167AC5CE00AD3CE9 /* InfoPlist.strings */,
				B636719E167AC5CE00AD3CE9 /* main.m */,
				B63671A0167AC5CE00AD3CE9 /* MultipleSelectionTableViewDemo-Prefix.pch */,
				B63671A4167AC5CE00AD3CE9 /* Default.png */,
				B63671A6167AC5CE00AD3CE9 /* Default@2x.png */,
				B63671A8167AC5CE00AD3CE9 /* Default-568h@2x.png */,
			);
			name = "Supporting Files";
			sourceTree = "<group>";
		};
/* End PBXGroup section */

/* Begin PBXNativeTarget section */
		B636718D167AC5CE00AD3CE9 /* MultipleSelectionTableViewDemo */ = {
			isa = PBXNativeTarget;
			buildConfigurationList = B63671B2167AC5CE00AD3CE9 /* Build configuration list for PBXNativeTarget "MultipleSelectionTableViewDemo" */;
			buildPhases = (
				B636718A167AC5CE00AD3CE9 /* Sources */,
				B636718B167AC5CE00AD3CE9 /* Frameworks */,
				B636718C167AC5CE00AD3CE9 /* Resources */,
			);
			buildRules = (
			);
			dependencies = (
			);
			name = MultipleSelectionTableViewDemo;
			productName = MultipleSelectionTableViewDemo;
			productReference = B636718E167AC5CE00AD3CE9 /* MultipleSelectionTableViewDemo.app */;
			productType = "com.apple.product-type.application";
		};
/* End PBXNativeTarget section */

/* Begin PBXProject section */
		B6367185167AC5CE00AD3CE9 /* Project object */ = {
			isa = PBXProject;
			attributes = {
				LastUpgradeCheck = 0450;
				ORGANIZATIONNAME = Wei;
			};
			buildConfigurationList = B6367188167AC5CE00AD3CE9 /* Build configuration list for PBXProject "MultipleSelectionTableViewDemo" */;
			compatibilityVersion = "Xcode 3.2";
			developmentRegion = English;
			hasScannedForEncodings = 0;
			knownRegions = (
				en,
			);
			mainGroup = B6367183167AC5CE00AD3CE9;
			productRefGroup = B636718F167AC5CE00AD3CE9 /* Products */;
			projectDirPath = "";
			projectRoot = "";
			targets = (
				B636718D167AC5CE00AD3CE9 /* MultipleSelectionTableViewDemo */,
			);
		};
/* End PBXProject section */

/* Begin PBXResourcesBuildPhase section */
		B636718C167AC5CE00AD3CE9 /* Resources */ = {
			isa = PBXResourcesBuildPhase;
			buildActionMask = 2147483647;
			files = (
				B636719D167AC5CE00AD3CE9 /* InfoPlist.strings in Resources */,
				B63671A5167AC5CE00AD3CE9 /* Default.png in Resources */,
				B63671A7167AC5CE00AD3CE9 /* Default@2x.png in Resources */,
				B63671A9167AC5CE00AD3CE9 /* Default-568h@2x.png in Resources */,
				B63671AF167AC5CE00AD3CE9 /* ViewController.xib in Resources */,
			);
			runOnlyForDeploymentPostprocessing = 0;
		};
/* End PBXResourcesBuildPhase section */

/* Begin PBXSourcesBuildPhase section */
		B636718A167AC5CE00AD3CE9 /* Sources */ = {
			isa = PBXSourcesBuildPhase;
			buildActionMask = 2147483647;
			files = (
				B636719F167AC5CE00AD3CE9 /* main.m in Sources */,
				B63671A3167AC5CE00AD3CE9 /* AppDelegate.m in Sources */,
				B63671AC167AC5CE00AD3CE9 /* ViewController.m in Sources */,
			);
			runOnlyForDeploymentPostprocessing = 0;
		};
/* End PBXSourcesBuildPhase section */

/* Begin PBXVariantGroup section */
		B636719B167AC5CE00AD3CE9 /* InfoPlist.strings */ = {
			isa = PBXVariantGroup;
			children = (
				B636719C167AC5CE00AD3CE9 /* en */,
			);
			name = InfoPlist.strings;
			sourceTree = "<group>";
		};
		B63671AD167AC5CE00AD3CE9 /* ViewController.xib */ = {
			isa = PBXVariantGroup;
			children = (
				B63671AE167AC5CE00AD3CE9 /* en */,
			);
			name = ViewController.xib;
			sourceTree = "<group>";
		};
/* End PBXVariantGroup section */

/* Begin XCBuildConfiguration section */
		B63671B0167AC5CE00AD3CE9 /* Debug */ = {
			isa = XCBuildConfiguration;
			buildSettings = {
				ALWAYS_SEARCH_USER_PATHS = NO;
				CLANG_CXX_LANGUAGE_STANDARD = "gnu++0x";
				CLANG_CXX_LIBRARY = "libc++";
				CLANG_WARN_EMPTY_BODY = YES;
				CLANG_WARN__DUPLICATE_METHOD_MATCH = YES;
				"CODE_SIGN_IDENTITY[sdk=iphoneos*]" = "iPhone Developer";
				COPY_PHASE_STRIP = NO;
				GCC_C_LANGUAGE_STANDARD = gnu99;
				GCC_DYNAMIC_NO_PIC = NO;
				GCC_OPTIMIZATION_LEVEL = 0;
				GCC_PREPROCESSOR_DEFINITIONS = (
					"DEBUG=1",
					"$(inherited)",
				);
				GCC_SYMBOLS_PRIVATE_EXTERN = NO;
				GCC_WARN_ABOUT_RETURN_TYPE = YES;
				GCC_WARN_UNINITIALIZED_AUTOS = YES;
				GCC_WARN_UNUSED_VARIABLE = YES;
				IPHONEOS_DEPLOYMENT_TARGET = 6.0;
				ONLY_ACTIVE_ARCH = YES;
				SDKROOT = iphoneos;
			};
			name = Debug;
		};
		B63671B1167AC5CE00AD3CE9 /* Release */ = {
			isa = XCBuildConfiguration;
			buildSettings = {
				ALWAYS_SEARCH_USER_PATHS = NO;
				CLANG_CXX_LANGUAGE_STANDARD = "gnu++0x";
				CLANG_CXX_LIBRARY = "libc++";
				CLANG_WARN_EMPTY_BODY = YES;
				CLANG_WARN__DUPLICATE_METHOD_MATCH = YES;
				"CODE_SIGN_IDENTITY[sdk=iphoneos*]" = "iPhone Developer";
				COPY_PHASE_STRIP = YES;
				GCC_C_LANGUAGE_STANDARD = gnu99;
				GCC_WARN_ABOUT_RETURN_TYPE = YES;
				GCC_WARN_UNINITIALIZED_AUTOS = YES;
				GCC_WARN_UNUSED_VARIABLE = YES;
				IPHONEOS_DEPLOYMENT_TARGET = 6.0;
				OTHER_CFLAGS = "-DNS_BLOCK_ASSERTIONS=1";
				SDKROOT = iphoneos;
				VALIDATE_PRODUCT = YES;
			};
			name = Release;
		};
		B63671B3167AC5CE00AD3CE9 /* Debug */ = {
			isa = XCBuildConfiguration;
			buildSettings = {
				GCC_PRECOMPILE_PREFIX_HEADER = YES;
				GCC_PREFIX_HEADER = "MultipleSelectionTableViewDemo/MultipleSelectionTableViewDemo-Prefix.pch";
				INFOPLIST_FILE = "MultipleSelectionTableViewDemo/MultipleSelectionTableViewDemo-Info.plist";
				PRODUCT_NAME = "$(TARGET_NAME)";
				WRAPPER_EXTENSION = app;
			};
			name = Debug;
		};
		B63671B4167AC5CE00AD3CE9 /* Release */ = {
			isa = XCBuildConfiguration;
			buildSettings = {
				GCC_PRECOMPILE_PREFIX_HEADER = YES;
				GCC_PREFIX_HEADER = "MultipleSelectionTableViewDemo/MultipleSelectionTableViewDemo-Prefix.pch";
				INFOPLIST_FILE = "MultipleSelectionTableViewDemo/MultipleSelectionTableViewDemo-Info.plist";
				PRODUCT_NAME = "$(TARGET_NAME)";
				WRAPPER_EXTENSION = app;
			};
			name = Release;
		};
/* End XCBuildConfiguration section */

/* Begin XCConfigurationList section */
		B6367188167AC5CE00AD3CE9 /* Build configuration list for PBXProject "MultipleSelectionTableViewDemo" */ = {
			isa = XCConfigurationList;
			buildConfigurations = (
				B63671B0167AC5CE00AD3CE9 /* Debug */,
				B63671B1167AC5CE00AD3CE9 /* Release */,
			);
			defaultConfigurationIsVisible = 0;
			defaultConfigurationName = Release;
		};
		B63671B2167AC5CE00AD3CE9 /* Build configuration list for PBXNativeTarget "MultipleSelectionTableViewDemo" */ = {
			isa = XCConfigurationList;
			buildConfigurations = (
				B63671B3167AC5CE00AD3CE9 /* Debug */,
				B63671B4167AC5CE00AD3CE9 /* Release */,
			);
			defaultConfigurationIsVisible = 0;
		};
/* End XCConfigurationList section */
	};
	rootObject = B6367185167AC5CE00AD3CE9 /* Project object */;
}
